{
  "lockfile_version": "1",
  "packages": {
    "gh@latest": {
      "last_modified": "2024-05-30T12:09:21Z",
      "resolved": "github:NixOS/nixpkgs/aa61b27554a5fc282758bf0324781e3464ef2cde#gh",
      "source": "devbox-search",
      "version": "2.50.0",
      "systems": {
        "aarch64-darwin": {
          "outputs": [
            {
              "name": "out",
              "path": "/nix/store/l55ps1jsnaqzc05nr09r7w4zb6zdk6wx-gh-2.50.0",
              "default": true
            }
          ],
          "store_path": "/nix/store/l55ps1jsnaqzc05nr09r7w4zb6zdk6wx-gh-2.50.0"
        },
        "aarch64-linux": {
          "outputs": [
            {
              "name": "out",
              "path": "/nix/store/4y99sn78r3y92ma33cmmpa66299pmiq9-gh-2.50.0",
              "default": true
            }
          ],
          "store_path": "/nix/store/4y99sn78r3y92ma33cmmpa66299pmiq9-gh-2.50.0"
        },
        "x86_64-darwin": {
          "outputs": [
            {
              "name": "out",
              "path": "/nix/store/zi5mp2902mvkndx66m8i57mqfg026b74-gh-2.50.0",
              "default": true
            }
          ],
          "store_path": "/nix/store/zi5mp2902mvkndx66m8i57mqfg026b74-gh-2.50.0"
        },
        "x86_64-linux": {
          "outputs": [
            {
              "name": "out",
              "path": "/nix/store/flq1szdy6pvm50f348ik03x8058kf0b6-gh-2.50.0",
              "default": true
            }
          ],
          "store_path": "/nix/store/flq1szdy6pvm50f348ik03x8058kf0b6-gh-2.50.0"
        }
      }
    },
    "go-task@latest": {
      "last_modified": "2024-05-29T10:04:41Z",
      "resolved": "github:NixOS/nixpkgs/ac82a513e55582291805d6f09d35b6d8b60637a1#go-task",
      "source": "devbox-search",
      "version": "3.37.2",
      "systems": {
        "aarch64-darwin": {
          "outputs": [
            {
              "name": "out",
              "path": "/nix/store/sxx5qi67pni1188alq2a8vxnyliy4mpk-go-task-3.37.2",
              "default": true
            }
          ],
          "store_path": "/nix/store/sxx5qi67pni1188alq2a8vxnyliy4mpk-go-task-3.37.2"
        },
        "aarch64-linux": {
          "outputs": [
            {
              "name": "out",
              "path": "/nix/store/6ji3xndcf45yrsrvbv3rkp789bz6rcby-go-task-3.37.2",
              "default": true
            }
          ],
          "store_path": "/nix/store/6ji3xndcf45yrsrvbv3rkp789bz6rcby-go-task-3.37.2"
        },
        "x86_64-darwin": {
          "outputs": [
            {
              "name": "out",
              "path": "/nix/store/gf9ygvd2m7v2hv3349k6q3jgk0bfqr9z-go-task-3.37.2",
              "default": true
            }
          ],
          "store_path": "/nix/store/gf9ygvd2m7v2hv3349k6q3jgk0bfqr9z-go-task-3.37.2"
        },
        "x86_64-linux": {
          "outputs": [
            {
              "name": "out",
              "path": "/nix/store/9bswbbgd0fdbqa40yrj7f595303zbrnj-go-task-3.37.2",
              "default": true
            }
          ],
          "store_path": "/nix/store/9bswbbgd0fdbqa40yrj7f595303zbrnj-go-task-3.37.2"
        }
      }
    },
    "go@latest": {
      "last_modified": "2024-05-29T10:04:41Z",
      "resolved": "github:NixOS/nixpkgs/ac82a513e55582291805d6f09d35b6d8b60637a1#go",
      "source": "devbox-search",
      "version": "1.22.3",
      "systems": {
        "aarch64-darwin": {
          "outputs": [
            {
              "name": "out",
              "path": "/nix/store/i04a1a6qgxhjw6c0ld2b3x1v815sbxjc-go-1.22.3",
              "default": true
            }
          ],
          "store_path": "/nix/store/i04a1a6qgxhjw6c0ld2b3x1v815sbxjc-go-1.22.3"
        },
        "aarch64-linux": {
          "outputs": [
            {
              "name": "out",
              "path": "/nix/store/d68f2iblysnl0r4qcfdacmdpmvvy86kf-go-1.22.3",
              "default": true
            }
          ],
          "store_path": "/nix/store/d68f2iblysnl0r4qcfdacmdpmvvy86kf-go-1.22.3"
        },
        "x86_64-darwin": {
          "outputs": [
            {
              "name": "out",
              "path": "/nix/store/1p6vr83cgyfwm8517jhfmf6lypzhy3q2-go-1.22.3",
              "default": true
            }
          ],
          "store_path": "/nix/store/1p6vr83cgyfwm8517jhfmf6lypzhy3q2-go-1.22.3"
        },
        "x86_64-linux": {
          "outputs": [
            {
              "name": "out",
              "path": "/nix/store/00mg4vlhzmm7gi9bd5v5ydjlgrywpc3n-go-1.22.3",
              "default": true
            }
          ],
          "store_path": "/nix/store/00mg4vlhzmm7gi9bd5v5ydjlgrywpc3n-go-1.22.3"
        }
      }
    },
    "goreleaser": {
      "resolved": "github:NixOS/nixpkgs/75a52265bda7fd25e06e3a67dee3f0354e73243c#goreleaser",
      "source": "nixpkg",
      "systems": {
        "x86_64-linux": {
          "outputs": [
            {
              "path": "/nix/store/amk4rpgf37mf2zyk67sizm74fcd80s0d-goreleaser-1.21.2",
              "default": true
            }
          ]
        }
      }
    },
    "gotest@latest": {
      "last_modified": "2024-05-29T10:04:41Z",
      "resolved": "github:NixOS/nixpkgs/ac82a513e55582291805d6f09d35b6d8b60637a1#gotest",
      "source": "devbox-search",
      "version": "0.0.6",
      "systems": {
        "aarch64-darwin": {
          "outputs": [
            {
              "name": "out",
              "path": "/nix/store/p6v4aljllszkzcv3j4caiim3hla9nxnc-gotest-0.0.6",
              "default": true
            }
          ],
          "store_path": "/nix/store/p6v4aljllszkzcv3j4caiim3hla9nxnc-gotest-0.0.6"
        },
        "aarch64-linux": {
          "outputs": [
            {
              "name": "out",
              "path": "/nix/store/3nhgas60lq6xj2dlyr8yq8wc88yv0i4z-gotest-0.0.6",
              "default": true
            }
          ],
          "store_path": "/nix/store/3nhgas60lq6xj2dlyr8yq8wc88yv0i4z-gotest-0.0.6"
        },
        "x86_64-darwin": {
          "outputs": [
            {
              "name": "out",
              "path": "/nix/store/62xzx2phs5mlngq103lapbppkd4iwr8z-gotest-0.0.6",
              "default": true
            }
          ],
          "store_path": "/nix/store/62xzx2phs5mlngq103lapbppkd4iwr8z-gotest-0.0.6"
        },
        "x86_64-linux": {
          "outputs": [
            {
              "name": "out",
              "path": "/nix/store/dyyg6saa52fc7j6g8rzih52k9isj8hzy-gotest-0.0.6",
              "default": true
            }
          ],
          "store_path": "/nix/store/dyyg6saa52fc7j6g8rzih52k9isj8hzy-gotest-0.0.6"
        }
      }
    }
  }
}
